# This file is automatically @generated by Cargo.
# It is not intended for manual editing.
version = 4

[[package]]
name = "bcu-api"
version = "0.1.0"
dependencies = [
 "bcu-core",
 "bcu-render",
]

[[package]]
name = "bcu-assets"
version = "0.1.0"
dependencies = [
 "bcu-core",
]

[[package]]
name = "bcu-core"
version = "0.1.0"
dependencies = [
 "bcu-math",
]

[[package]]
name = "bcu-math"
version = "0.1.0"

[[package]]
name = "bcu-parser"
version = "0.1.0"
dependencies = [
 "bcu-core",
 "bcu-math",
]

[[package]]
name = "bcu-render"
version = "0.1.0"
dependencies = [
 "bcu-assets",
 "bcu-core",
]

[[package]]
name = "parity-tester"
version = "0.1.0"
dependencies = [
 "bcu-assets",
 "bcu-core",
 "bcu-math",
 "bcu-parser",
]
